
Microsoft Visual Studio Solution File, Format Version 12.00
# Visual Studio 14
VisualStudioVersion = 14.0.25420.1
MinimumVisualStudioVersion = 10.0.40219.1
Project("{FAE04EC0-301F-11D3-BF4B-00C04F79EFBC}") = "FibonacciNumbers", "FibonacciNumbers\FibonacciNumbers.csproj", "{3074508D-9BA8-4B3F-901C-016F4462BD89}"
EndProject
Project("{FAE04EC0-301F-11D3-BF4B-00C04F79EFBC}") = "ConsoleUI", "ConsoleUI\ConsoleUI.csproj", "{2FFDB115-5F1A-4130-B4D2-799F17421605}"
EndProject
Global
	GlobalSection(SolutionConfigurationPlatforms) = preSolution
		Debug|Any CPU = Debug|Any CPU
		Release|Any CPU = Release|Any CPU
	EndGlobalSection
	GlobalSection(ProjectConfigurationPlatforms) = postSolution
		{3074508D-9BA8-4B3F-901C-016F4462BD89}.Debug|Any CPU.ActiveCfg = Debug|Any CPU
		{3074508D-9BA8-4B3F-901C-016F4462BD89}.Debug|Any CPU.Build.0 = Debug|Any CPU
		{3074508D-9BA8-4B3F-901C-016F4462BD89}.Release|Any CPU.ActiveCfg = Release|Any CPU
		{3074508D-9BA8-4B3F-901C-016F4462BD89}.Release|Any CPU.Build.0 = Release|Any CPU
		{2FFDB115-5F1A-4130-B4D2-799F17421605}.Debug|Any CPU.ActiveCfg = Debug|Any CPU
		{2FFDB115-5F1A-4130-B4D2-799F17421605}.Debug|Any CPU.Build.0 = Debug|Any CPU
		{2FFDB115-5F1A-4130-B4D2-799F17421605}.Release|Any CPU.ActiveCfg = Release|Any CPU
		{2FFDB115-5F1A-4130-B4D2-799F17421605}.Release|Any CPU.Build.0 = Release|Any CPU
	EndGlobalSection
	GlobalSection(SolutionProperties) = preSolution
		HideSolutionNode = FALSE
	EndGlobalSection
EndGlobal
