
Microsoft Visual Studio Solution File, Format Version 12.00
# Visual Studio 14
VisualStudioVersion = 14.0.25420.1
MinimumVisualStudioVersion = 10.0.40219.1
Project("{FAE04EC0-301F-11D3-BF4B-00C04F79EFBC}") = "CodeFirst", "CodeFirst\CodeFirst.csproj", "{DFD48873-730B-47E6-BDAF-CE2110447D4B}"
EndProject
Project("{FAE04EC0-301F-11D3-BF4B-00C04F79EFBC}") = "DatabaseFirst", "DatabaseFirst\DatabaseFirst.csproj", "{2185F057-31E8-4C1D-B93E-9E4831CE98B3}"
EndProject
Project("{FAE04EC0-301F-11D3-BF4B-00C04F79EFBC}") = "CodeFirst.Tests", "CodeFirst.Tests\CodeFirst.Tests.csproj", "{16DCCA22-4D9E-44D3-A701-E881B1F9ACE7}"
EndProject
Global
	GlobalSection(SolutionConfigurationPlatforms) = preSolution
		Debug|Any CPU = Debug|Any CPU
		Release|Any CPU = Release|Any CPU
	EndGlobalSection
	GlobalSection(ProjectConfigurationPlatforms) = postSolution
		{DFD48873-730B-47E6-BDAF-CE2110447D4B}.Debug|Any CPU.ActiveCfg = Debug|Any CPU
		{DFD48873-730B-47E6-BDAF-CE2110447D4B}.Debug|Any CPU.Build.0 = Debug|Any CPU
		{DFD48873-730B-47E6-BDAF-CE2110447D4B}.Release|Any CPU.ActiveCfg = Release|Any CPU
		{DFD48873-730B-47E6-BDAF-CE2110447D4B}.Release|Any CPU.Build.0 = Release|Any CPU
		{2185F057-31E8-4C1D-B93E-9E4831CE98B3}.Debug|Any CPU.ActiveCfg = Debug|Any CPU
		{2185F057-31E8-4C1D-B93E-9E4831CE98B3}.Debug|Any CPU.Build.0 = Debug|Any CPU
		{2185F057-31E8-4C1D-B93E-9E4831CE98B3}.Release|Any CPU.ActiveCfg = Release|Any CPU
		{2185F057-31E8-4C1D-B93E-9E4831CE98B3}.Release|Any CPU.Build.0 = Release|Any CPU
		{16DCCA22-4D9E-44D3-A701-E881B1F9ACE7}.Debug|Any CPU.ActiveCfg = Debug|Any CPU
		{16DCCA22-4D9E-44D3-A701-E881B1F9ACE7}.Debug|Any CPU.Build.0 = Debug|Any CPU
		{16DCCA22-4D9E-44D3-A701-E881B1F9ACE7}.Release|Any CPU.ActiveCfg = Release|Any CPU
		{16DCCA22-4D9E-44D3-A701-E881B1F9ACE7}.Release|Any CPU.Build.0 = Release|Any CPU
	EndGlobalSection
	GlobalSection(SolutionProperties) = preSolution
		HideSolutionNode = FALSE
	EndGlobalSection
EndGlobal
