
Microsoft Visual Studio Solution File, Format Version 12.00
# Visual Studio 14
VisualStudioVersion = 14.0.25420.1
MinimumVisualStudioVersion = 10.0.40219.1
Project("{FAE04EC0-301F-11D3-BF4B-00C04F79EFBC}") = "ImageGallery", "ImageGallery\ImageGallery.csproj", "{339D21DF-16F4-484C-9A51-CE126E6081A5}"
EndProject
Project("{FAE04EC0-301F-11D3-BF4B-00C04F79EFBC}") = "ORM", "ORM\ORM.csproj", "{6DA04A5B-EDD7-41D7-BF7D-131E6124AAD8}"
EndProject
Global
	GlobalSection(SolutionConfigurationPlatforms) = preSolution
		Debug|Any CPU = Debug|Any CPU
		Release|Any CPU = Release|Any CPU
	EndGlobalSection
	GlobalSection(ProjectConfigurationPlatforms) = postSolution
		{339D21DF-16F4-484C-9A51-CE126E6081A5}.Debug|Any CPU.ActiveCfg = Debug|Any CPU
		{339D21DF-16F4-484C-9A51-CE126E6081A5}.Debug|Any CPU.Build.0 = Debug|Any CPU
		{339D21DF-16F4-484C-9A51-CE126E6081A5}.Release|Any CPU.ActiveCfg = Release|Any CPU
		{339D21DF-16F4-484C-9A51-CE126E6081A5}.Release|Any CPU.Build.0 = Release|Any CPU
		{6DA04A5B-EDD7-41D7-BF7D-131E6124AAD8}.Debug|Any CPU.ActiveCfg = Debug|Any CPU
		{6DA04A5B-EDD7-41D7-BF7D-131E6124AAD8}.Debug|Any CPU.Build.0 = Debug|Any CPU
		{6DA04A5B-EDD7-41D7-BF7D-131E6124AAD8}.Release|Any CPU.ActiveCfg = Release|Any CPU
		{6DA04A5B-EDD7-41D7-BF7D-131E6124AAD8}.Release|Any CPU.Build.0 = Release|Any CPU
	EndGlobalSection
	GlobalSection(SolutionProperties) = preSolution
		HideSolutionNode = FALSE
	EndGlobalSection
EndGlobal
